
Microsoft Visual Studio Solution File, Format Version 12.00
# Visual Studio Version 17
VisualStudioVersion = 17.9.34622.214
MinimumVisualStudioVersion = 10.0.40219.1
Project("{FAE04EC0-301F-11D3-BF4B-00C04F79EFBC}") = "gpx", "gpx\gpx.csproj", "{B49C890E-9F53-4625-82E5-D9EF30DE161F}"
EndProject
Global
	GlobalSection(SolutionConfigurationPlatforms) = preSolution
		Debug|Any CPU = Debug|Any CPU
		Release|Any CPU = Release|Any CPU
	EndGlobalSection
	GlobalSection(ProjectConfigurationPlatforms) = postSolution
		{B49C890E-9F53-4625-82E5-D9EF30DE161F}.Debug|Any CPU.ActiveCfg = Debug|Any CPU
		{B49C890E-9F53-4625-82E5-D9EF30DE161F}.Debug|Any CPU.Build.0 = Debug|Any CPU
		{B49C890E-9F53-4625-82E5-D9EF30DE161F}.Release|Any CPU.ActiveCfg = Release|Any CPU
		{B49C890E-9F53-4625-82E5-D9EF30DE161F}.Release|Any CPU.Build.0 = Release|Any CPU
	EndGlobalSection
	GlobalSection(SolutionProperties) = preSolution
		HideSolutionNode = FALSE
	EndGlobalSection
	GlobalSection(ExtensibilityGlobals) = postSolution
		SolutionGuid = {E18350DD-B1A0-4D77-A5DC-B0838699A68F}
	EndGlobalSection
EndGlobal
