
Microsoft Visual Studio Solution File, Format Version 12.00
# Visual Studio Version 17
VisualStudioVersion = 17.9.34622.214
MinimumVisualStudioVersion = 10.0.40219.1
Project("{FAE04EC0-301F-11D3-BF4B-00C04F79EFBC}") = "KochSnowlake", "KochSnowlake\KochSnowlake.csproj", "{DF511CD1-122C-4AC5-AEBC-AC3F9FC1FE8B}"
EndProject
Global
	GlobalSection(SolutionConfigurationPlatforms) = preSolution
		Debug|Any CPU = Debug|Any CPU
		Release|Any CPU = Release|Any CPU
	EndGlobalSection
	GlobalSection(ProjectConfigurationPlatforms) = postSolution
		{DF511CD1-122C-4AC5-AEBC-AC3F9FC1FE8B}.Debug|Any CPU.ActiveCfg = Debug|Any CPU
		{DF511CD1-122C-4AC5-AEBC-AC3F9FC1FE8B}.Debug|Any CPU.Build.0 = Debug|Any CPU
		{DF511CD1-122C-4AC5-AEBC-AC3F9FC1FE8B}.Release|Any CPU.ActiveCfg = Release|Any CPU
		{DF511CD1-122C-4AC5-AEBC-AC3F9FC1FE8B}.Release|Any CPU.Build.0 = Release|Any CPU
	EndGlobalSection
	GlobalSection(SolutionProperties) = preSolution
		HideSolutionNode = FALSE
	EndGlobalSection
	GlobalSection(ExtensibilityGlobals) = postSolution
		SolutionGuid = {A73A0452-5EF6-4237-8548-AD183FF001B9}
	EndGlobalSection
EndGlobal
