
Microsoft Visual Studio Solution File, Format Version 12.00
# Visual Studio Version 17
VisualStudioVersion = 17.9.34622.214
MinimumVisualStudioVersion = 10.0.40219.1
Project("{FAE04EC0-301F-11D3-BF4B-00C04F79EFBC}") = "SWAPI", "SWAPI\SWAPI.csproj", "{9CB95A40-DCC6-4823-8978-8D031A879E7E}"
EndProject
Global
	GlobalSection(SolutionConfigurationPlatforms) = preSolution
		Debug|Any CPU = Debug|Any CPU
		Release|Any CPU = Release|Any CPU
	EndGlobalSection
	GlobalSection(ProjectConfigurationPlatforms) = postSolution
		{9CB95A40-DCC6-4823-8978-8D031A879E7E}.Debug|Any CPU.ActiveCfg = Debug|Any CPU
		{9CB95A40-DCC6-4823-8978-8D031A879E7E}.Debug|Any CPU.Build.0 = Debug|Any CPU
		{9CB95A40-DCC6-4823-8978-8D031A879E7E}.Release|Any CPU.ActiveCfg = Release|Any CPU
		{9CB95A40-DCC6-4823-8978-8D031A879E7E}.Release|Any CPU.Build.0 = Release|Any CPU
	EndGlobalSection
	GlobalSection(SolutionProperties) = preSolution
		HideSolutionNode = FALSE
	EndGlobalSection
	GlobalSection(ExtensibilityGlobals) = postSolution
		SolutionGuid = {B2E8D040-7788-4D23-A89E-0EA2AA260F39}
	EndGlobalSection
EndGlobal
