
Microsoft Visual Studio Solution File, Format Version 12.00
# Visual Studio Version 17
VisualStudioVersion = 17.9.34622.214
MinimumVisualStudioVersion = 10.0.40219.1
Project("{FAE04EC0-301F-11D3-BF4B-00C04F79EFBC}") = "ConsoleApp1", "ConsoleApp1\ConsoleApp1.csproj", "{ABBE398A-AA63-4DC9-A1E3-F1701EA9B432}"
EndProject
Global
	GlobalSection(SolutionConfigurationPlatforms) = preSolution
		Debug|Any CPU = Debug|Any CPU
		Release|Any CPU = Release|Any CPU
	EndGlobalSection
	GlobalSection(ProjectConfigurationPlatforms) = postSolution
		{ABBE398A-AA63-4DC9-A1E3-F1701EA9B432}.Debug|Any CPU.ActiveCfg = Debug|Any CPU
		{ABBE398A-AA63-4DC9-A1E3-F1701EA9B432}.Debug|Any CPU.Build.0 = Debug|Any CPU
		{ABBE398A-AA63-4DC9-A1E3-F1701EA9B432}.Release|Any CPU.ActiveCfg = Release|Any CPU
		{ABBE398A-AA63-4DC9-A1E3-F1701EA9B432}.Release|Any CPU.Build.0 = Release|Any CPU
	EndGlobalSection
	GlobalSection(SolutionProperties) = preSolution
		HideSolutionNode = FALSE
	EndGlobalSection
	GlobalSection(ExtensibilityGlobals) = postSolution
		SolutionGuid = {992D29E4-A7D0-49C9-BBE5-A583CD67D2FB}
	EndGlobalSection
EndGlobal
